
Microsoft Visual Studio Solution File, Format Version 12.00
# Visual Studio Version 16
VisualStudioVersion = 16.0.30011.22
MinimumVisualStudioVersion = 10.0.40219.1
Project("{FAE04EC0-301F-11D3-BF4B-00C04F79EFBC}") = "Patcher", "Patcher\Patcher.csproj", "{2F66318D-FAD9-4342-BB5D-365E4FA9D9AA}"
EndProject
Project("{FAE04EC0-301F-11D3-BF4B-00C04F79EFBC}") = "FpsPatcher", "FpsPatcher\FpsPatcher.csproj", "{933F91E3-9706-4DC6-8D66-6E9D5D21C445}"
EndProject
Project("{FAE04EC0-301F-11D3-BF4B-00C04F79EFBC}") = "Views", "Views\Views.csproj", "{B0AED873-8E0A-4DE3-AE84-3CD773061B9C}"
EndProject
Project("{FAE04EC0-301F-11D3-BF4B-00C04F79EFBC}") = "ViewModels", "ViewModels\ViewModels.csproj", "{3D8CB35F-F48F-4132-9D26-1CB3A3A47B76}"
EndProject
Project("{FAE04EC0-301F-11D3-BF4B-00C04F79EFBC}") = "Base", "Base\Base.csproj", "{EF3C3B60-3E0D-4615-B225-82A4F374ED29}"
EndProject
Global
	GlobalSection(SolutionConfigurationPlatforms) = preSolution
		Debug|Any CPU = Debug|Any CPU
		Release|Any CPU = Release|Any CPU
	EndGlobalSection
	GlobalSection(ProjectConfigurationPlatforms) = postSolution
		{2F66318D-FAD9-4342-BB5D-365E4FA9D9AA}.Debug|Any CPU.ActiveCfg = Debug|Any CPU
		{2F66318D-FAD9-4342-BB5D-365E4FA9D9AA}.Debug|Any CPU.Build.0 = Debug|Any CPU
		{2F66318D-FAD9-4342-BB5D-365E4FA9D9AA}.Release|Any CPU.ActiveCfg = Release|Any CPU
		{2F66318D-FAD9-4342-BB5D-365E4FA9D9AA}.Release|Any CPU.Build.0 = Release|Any CPU
		{933F91E3-9706-4DC6-8D66-6E9D5D21C445}.Debug|Any CPU.ActiveCfg = Debug|Any CPU
		{933F91E3-9706-4DC6-8D66-6E9D5D21C445}.Debug|Any CPU.Build.0 = Debug|Any CPU
		{933F91E3-9706-4DC6-8D66-6E9D5D21C445}.Release|Any CPU.ActiveCfg = Release|Any CPU
		{933F91E3-9706-4DC6-8D66-6E9D5D21C445}.Release|Any CPU.Build.0 = Release|Any CPU
		{B0AED873-8E0A-4DE3-AE84-3CD773061B9C}.Debug|Any CPU.ActiveCfg = Debug|Any CPU
		{B0AED873-8E0A-4DE3-AE84-3CD773061B9C}.Debug|Any CPU.Build.0 = Debug|Any CPU
		{B0AED873-8E0A-4DE3-AE84-3CD773061B9C}.Release|Any CPU.ActiveCfg = Release|Any CPU
		{B0AED873-8E0A-4DE3-AE84-3CD773061B9C}.Release|Any CPU.Build.0 = Release|Any CPU
		{3D8CB35F-F48F-4132-9D26-1CB3A3A47B76}.Debug|Any CPU.ActiveCfg = Debug|Any CPU
		{3D8CB35F-F48F-4132-9D26-1CB3A3A47B76}.Debug|Any CPU.Build.0 = Debug|Any CPU
		{3D8CB35F-F48F-4132-9D26-1CB3A3A47B76}.Release|Any CPU.ActiveCfg = Release|Any CPU
		{3D8CB35F-F48F-4132-9D26-1CB3A3A47B76}.Release|Any CPU.Build.0 = Release|Any CPU
		{EF3C3B60-3E0D-4615-B225-82A4F374ED29}.Debug|Any CPU.ActiveCfg = Debug|Any CPU
		{EF3C3B60-3E0D-4615-B225-82A4F374ED29}.Debug|Any CPU.Build.0 = Debug|Any CPU
		{EF3C3B60-3E0D-4615-B225-82A4F374ED29}.Release|Any CPU.ActiveCfg = Release|Any CPU
		{EF3C3B60-3E0D-4615-B225-82A4F374ED29}.Release|Any CPU.Build.0 = Release|Any CPU
	EndGlobalSection
	GlobalSection(SolutionProperties) = preSolution
		HideSolutionNode = FALSE
	EndGlobalSection
	GlobalSection(ExtensibilityGlobals) = postSolution
		SolutionGuid = {CFAC75B7-52D6-4A92-8114-C3A69683631D}
	EndGlobalSection
EndGlobal
